
Microsoft Visual Studio Solution File, Format Version 12.00
# Visual Studio 14
VisualStudioVersion = 14.0.25420.1
MinimumVisualStudioVersion = 10.0.40219.1
Project("{FAE04EC0-301F-11D3-BF4B-00C04F79EFBC}") = "CapaDatos", "slnPruebaLogin\CapaDatos.csproj", "{13DC4A49-8107-4282-9663-4965EDDA4D33}"
EndProject
Project("{FAE04EC0-301F-11D3-BF4B-00C04F79EFBC}") = "CapaNegocio", "CapaNegocio\CapaNegocio.csproj", "{1B6B724B-9866-42B8-944F-128CD6C4402C}"
EndProject
Project("{FAE04EC0-301F-11D3-BF4B-00C04F79EFBC}") = "CapaPresentacion", "CapaPresentacion\CapaPresentacion.csproj", "{FA3A7C88-9EEA-4033-AA9D-231E0DEE08C5}"
EndProject
Global
	GlobalSection(SolutionConfigurationPlatforms) = preSolution
		Debug|Any CPU = Debug|Any CPU
		Release|Any CPU = Release|Any CPU
	EndGlobalSection
	GlobalSection(ProjectConfigurationPlatforms) = postSolution
		{13DC4A49-8107-4282-9663-4965EDDA4D33}.Debug|Any CPU.ActiveCfg = Debug|Any CPU
		{13DC4A49-8107-4282-9663-4965EDDA4D33}.Debug|Any CPU.Build.0 = Debug|Any CPU
		{13DC4A49-8107-4282-9663-4965EDDA4D33}.Release|Any CPU.ActiveCfg = Release|Any CPU
		{13DC4A49-8107-4282-9663-4965EDDA4D33}.Release|Any CPU.Build.0 = Release|Any CPU
		{1B6B724B-9866-42B8-944F-128CD6C4402C}.Debug|Any CPU.ActiveCfg = Debug|Any CPU
		{1B6B724B-9866-42B8-944F-128CD6C4402C}.Debug|Any CPU.Build.0 = Debug|Any CPU
		{1B6B724B-9866-42B8-944F-128CD6C4402C}.Release|Any CPU.ActiveCfg = Release|Any CPU
		{1B6B724B-9866-42B8-944F-128CD6C4402C}.Release|Any CPU.Build.0 = Release|Any CPU
		{FA3A7C88-9EEA-4033-AA9D-231E0DEE08C5}.Debug|Any CPU.ActiveCfg = Debug|Any CPU
		{FA3A7C88-9EEA-4033-AA9D-231E0DEE08C5}.Debug|Any CPU.Build.0 = Debug|Any CPU
		{FA3A7C88-9EEA-4033-AA9D-231E0DEE08C5}.Release|Any CPU.ActiveCfg = Release|Any CPU
		{FA3A7C88-9EEA-4033-AA9D-231E0DEE08C5}.Release|Any CPU.Build.0 = Release|Any CPU
	EndGlobalSection
	GlobalSection(SolutionProperties) = preSolution
		HideSolutionNode = FALSE
	EndGlobalSection
EndGlobal
